
Microsoft Visual Studio Solution File, Format Version 12.00
# Visual Studio Version 17
VisualStudioVersion = 17.3.32901.215
MinimumVisualStudioVersion = 10.0.40219.1
Project("{FAE04EC0-301F-11D3-BF4B-00C04F79EFBC}") = "WpfPrismNavigation", "WpfPrismNavigation\WpfPrismNavigation.csproj", "{0A5A539F-21BC-4C08-862D-53EDFFE74A86}"
EndProject
Global
	GlobalSection(SolutionConfigurationPlatforms) = preSolution
		Debug|Any CPU = Debug|Any CPU
		Release|Any CPU = Release|Any CPU
	EndGlobalSection
	GlobalSection(ProjectConfigurationPlatforms) = postSolution
		{0A5A539F-21BC-4C08-862D-53EDFFE74A86}.Debug|Any CPU.ActiveCfg = Debug|Any CPU
		{0A5A539F-21BC-4C08-862D-53EDFFE74A86}.Debug|Any CPU.Build.0 = Debug|Any CPU
		{0A5A539F-21BC-4C08-862D-53EDFFE74A86}.Release|Any CPU.ActiveCfg = Release|Any CPU
		{0A5A539F-21BC-4C08-862D-53EDFFE74A86}.Release|Any CPU.Build.0 = Release|Any CPU
	EndGlobalSection
	GlobalSection(SolutionProperties) = preSolution
		HideSolutionNode = FALSE
	EndGlobalSection
	GlobalSection(ExtensibilityGlobals) = postSolution
		SolutionGuid = {1CAA9134-825B-4263-9C4C-0307E7FC0041}
	EndGlobalSection
EndGlobal
